# This file was autogenerated by Stack.
# You should not edit this file by hand.
# For more information, please see the documentation at:
#   https://docs.haskellstack.org/en/stable/lock_files

packages:
- completed:
    hackage: amazonka-1.6.1@sha256:f58b63e83876f93aa03c54e54b3eb8ba9358af93819d41f4a5a8f8b7d8b8399c,3544
    pantry-tree:
      size: 992
      sha256: d792656a70ee42df262a599bc6608bda069e33092d665c3438a6eeeaf7db4fb2
  original:
    hackage: amazonka-1.6.1@sha256:f58b63e83876f93aa03c54e54b3eb8ba9358af93819d41f4a5a8f8b7d8b8399c,3544
- completed:
    hackage: unliftio-core-0.1.2.0@sha256:b0a7652ffce2284a6cebe05c99eb60573a8fb6631163f34b0b30a80b4a78cb23,1081
    pantry-tree:
      size: 328
      sha256: 9d970bf5f98e68e8fc129b04d6c9d8eb1e641c7556ffd0f0a168a259335b6fd7
  original:
    hackage: unliftio-core-0.1.2.0@sha256:b0a7652ffce2284a6cebe05c99eb60573a8fb6631163f34b0b30a80b4a78cb23,1081
- completed:
    size: 4693
    subdir: qtility-data
    url: https://github.com/quanterall/qtility/archive/84290f3dd5d9fb8629a3c60888a590eba81dca1c.tar.gz
    name: qtility-data
    version: 0.0.0
    sha256: 46cc6f47439e9aeaa50e19053ee886ed78ea978105aab56869aa1ab196d93bc1
    pantry-tree:
      size: 323
      sha256: 6249a4e33329a26674d9895fd5c876fd24f8e3039717441638f0965deddaa7bf
  original:
    subdir: qtility-data
    url: https://github.com/quanterall/qtility/archive/84290f3dd5d9fb8629a3c60888a590eba81dca1c.tar.gz
- completed:
    size: 4693
    subdir: qtility-environment
    url: https://github.com/quanterall/qtility/archive/84290f3dd5d9fb8629a3c60888a590eba81dca1c.tar.gz
    name: qtility-environment
    version: 0.0.0
    sha256: 46cc6f47439e9aeaa50e19053ee886ed78ea978105aab56869aa1ab196d93bc1
    pantry-tree:
      size: 310
      sha256: aabe6b0f465b8dd0623fc67c372fd2216ebecd4d233f7a5b9b683f772541c170
  original:
    subdir: qtility-environment
    url: https://github.com/quanterall/qtility/archive/84290f3dd5d9fb8629a3c60888a590eba81dca1c.tar.gz
snapshots:
- completed:
    size: 586069
    url: https://raw.githubusercontent.com/commercialhaskell/stackage-snapshots/master/lts/18/14.yaml
    sha256: 87842ecbaa8ca9cee59a7e6be52369dbed82ed075cb4e0d152614a627e8fd488
  original: lts-18.14
